
Microsoft Visual Studio Solution File, Format Version 12.00
# Visual Studio Version 17
VisualStudioVersion = 17.2.32602.215
MinimumVisualStudioVersion = 10.0.40219.1
Project("{FAE04EC0-301F-11D3-BF4B-00C04F79EFBC}") = "LinqExamples", "LinqExamples\LinqExamples.csproj", "{D860C50E-7057-4193-A363-6B57FB778ED6}"
EndProject
Global
	GlobalSection(SolutionConfigurationPlatforms) = preSolution
		Debug|Any CPU = Debug|Any CPU
		Release|Any CPU = Release|Any CPU
	EndGlobalSection
	GlobalSection(ProjectConfigurationPlatforms) = postSolution
		{D860C50E-7057-4193-A363-6B57FB778ED6}.Debug|Any CPU.ActiveCfg = Debug|Any CPU
		{D860C50E-7057-4193-A363-6B57FB778ED6}.Debug|Any CPU.Build.0 = Debug|Any CPU
		{D860C50E-7057-4193-A363-6B57FB778ED6}.Release|Any CPU.ActiveCfg = Release|Any CPU
		{D860C50E-7057-4193-A363-6B57FB778ED6}.Release|Any CPU.Build.0 = Release|Any CPU
	EndGlobalSection
	GlobalSection(SolutionProperties) = preSolution
		HideSolutionNode = FALSE
	EndGlobalSection
	GlobalSection(ExtensibilityGlobals) = postSolution
		SolutionGuid = {8CDB559B-723A-4B3C-AAE7-2A5FA5A64A80}
	EndGlobalSection
EndGlobal
